
Microsoft Visual Studio Solution File, Format Version 12.00
# Visual Studio 2012
Project("{FAE04EC0-301F-11D3-BF4B-00C04F79EFBC}") = "Zad_2", "Zad_2.csproj", "{79A107FA-BC54-4ADC-BE23-38184DD5DC76}"
EndProject
Global
	GlobalSection(SolutionConfigurationPlatforms) = preSolution
		Debug|x86 = Debug|x86
		Release|x86 = Release|x86
	EndGlobalSection
	GlobalSection(ProjectConfigurationPlatforms) = postSolution
		{79A107FA-BC54-4ADC-BE23-38184DD5DC76}.Debug|x86.ActiveCfg = Debug|x86
		{79A107FA-BC54-4ADC-BE23-38184DD5DC76}.Debug|x86.Build.0 = Debug|x86
		{79A107FA-BC54-4ADC-BE23-38184DD5DC76}.Release|x86.ActiveCfg = Release|x86
		{79A107FA-BC54-4ADC-BE23-38184DD5DC76}.Release|x86.Build.0 = Release|x86
	EndGlobalSection
EndGlobal
